
Microsoft Visual Studio Solution File, Format Version 12.00
# Visual Studio Version 16
VisualStudioVersion = 16.0.30104.148
MinimumVisualStudioVersion = 10.0.40219.1
Project("{FAE04EC0-301F-11D3-BF4B-00C04F79EFBC}") = "HomeWork1_1", "HomeWork1_1.csproj", "{F66D1600-1F7A-4E49-BBCB-B839CE1E4FEE}"
EndProject
Global
	GlobalSection(SolutionConfigurationPlatforms) = preSolution
		Debug|Any CPU = Debug|Any CPU
		Release|Any CPU = Release|Any CPU
	EndGlobalSection
	GlobalSection(ProjectConfigurationPlatforms) = postSolution
		{F66D1600-1F7A-4E49-BBCB-B839CE1E4FEE}.Debug|Any CPU.ActiveCfg = Debug|Any CPU
		{F66D1600-1F7A-4E49-BBCB-B839CE1E4FEE}.Debug|Any CPU.Build.0 = Debug|Any CPU
		{F66D1600-1F7A-4E49-BBCB-B839CE1E4FEE}.Release|Any CPU.ActiveCfg = Release|Any CPU
		{F66D1600-1F7A-4E49-BBCB-B839CE1E4FEE}.Release|Any CPU.Build.0 = Release|Any CPU
	EndGlobalSection
	GlobalSection(SolutionProperties) = preSolution
		HideSolutionNode = FALSE
	EndGlobalSection
	GlobalSection(ExtensibilityGlobals) = postSolution
		SolutionGuid = {0EC07361-5BE9-4F17-9434-95E40C01FC82}
	EndGlobalSection
EndGlobal
